
Microsoft Visual Studio Solution File, Format Version 12.00
# Visual Studio Version 17
VisualStudioVersion = 17.6.33829.357
MinimumVisualStudioVersion = 10.0.40219.1
Project("{FAE04EC0-301F-11D3-BF4B-00C04F79EFBC}") = "Word", "Word\Word.csproj", "{7D884C19-05BE-4324-915C-99EC742D6365}"
EndProject
Global
	GlobalSection(SolutionConfigurationPlatforms) = preSolution
		Debug|Any CPU = Debug|Any CPU
		Release|Any CPU = Release|Any CPU
	EndGlobalSection
	GlobalSection(ProjectConfigurationPlatforms) = postSolution
		{7D884C19-05BE-4324-915C-99EC742D6365}.Debug|Any CPU.ActiveCfg = Debug|Any CPU
		{7D884C19-05BE-4324-915C-99EC742D6365}.Debug|Any CPU.Build.0 = Debug|Any CPU
		{7D884C19-05BE-4324-915C-99EC742D6365}.Release|Any CPU.ActiveCfg = Release|Any CPU
		{7D884C19-05BE-4324-915C-99EC742D6365}.Release|Any CPU.Build.0 = Release|Any CPU
	EndGlobalSection
	GlobalSection(SolutionProperties) = preSolution
		HideSolutionNode = FALSE
	EndGlobalSection
	GlobalSection(ExtensibilityGlobals) = postSolution
		SolutionGuid = {602759DF-63F6-47E3-8AB7-357D38847386}
	EndGlobalSection
EndGlobal
